
Microsoft Visual Studio Solution File, Format Version 12.00
# Visual Studio Version 16
VisualStudioVersion = 16.0.31205.134
MinimumVisualStudioVersion = 10.0.40219.1
Project("{FAE04EC0-301F-11D3-BF4B-00C04F79EFBC}") = "DBConnection", "DBConnection\DBConnection.csproj", "{58C7FDB5-2C3D-44FD-984A-71F3A3EC1E1D}"
EndProject
Project("{FAE04EC0-301F-11D3-BF4B-00C04F79EFBC}") = "DSConnect", "DSConnect\DSConnect.csproj", "{E8D77294-B27B-4A3F-B2B3-C7CE1EE9A9D4}"
EndProject
Project("{FAE04EC0-301F-11D3-BF4B-00C04F79EFBC}") = "DBCommand", "DBCommand\DBCommand.csproj", "{9D2F8253-9C9C-47C7-B216-F10DB4A372EF}"
EndProject
Global
	GlobalSection(SolutionConfigurationPlatforms) = preSolution
		Debug|Any CPU = Debug|Any CPU
		Release|Any CPU = Release|Any CPU
	EndGlobalSection
	GlobalSection(ProjectConfigurationPlatforms) = postSolution
		{58C7FDB5-2C3D-44FD-984A-71F3A3EC1E1D}.Debug|Any CPU.ActiveCfg = Debug|Any CPU
		{58C7FDB5-2C3D-44FD-984A-71F3A3EC1E1D}.Debug|Any CPU.Build.0 = Debug|Any CPU
		{58C7FDB5-2C3D-44FD-984A-71F3A3EC1E1D}.Release|Any CPU.ActiveCfg = Release|Any CPU
		{58C7FDB5-2C3D-44FD-984A-71F3A3EC1E1D}.Release|Any CPU.Build.0 = Release|Any CPU
		{E8D77294-B27B-4A3F-B2B3-C7CE1EE9A9D4}.Debug|Any CPU.ActiveCfg = Debug|Any CPU
		{E8D77294-B27B-4A3F-B2B3-C7CE1EE9A9D4}.Debug|Any CPU.Build.0 = Debug|Any CPU
		{E8D77294-B27B-4A3F-B2B3-C7CE1EE9A9D4}.Release|Any CPU.ActiveCfg = Release|Any CPU
		{E8D77294-B27B-4A3F-B2B3-C7CE1EE9A9D4}.Release|Any CPU.Build.0 = Release|Any CPU
		{9D2F8253-9C9C-47C7-B216-F10DB4A372EF}.Debug|Any CPU.ActiveCfg = Debug|Any CPU
		{9D2F8253-9C9C-47C7-B216-F10DB4A372EF}.Debug|Any CPU.Build.0 = Debug|Any CPU
		{9D2F8253-9C9C-47C7-B216-F10DB4A372EF}.Release|Any CPU.ActiveCfg = Release|Any CPU
		{9D2F8253-9C9C-47C7-B216-F10DB4A372EF}.Release|Any CPU.Build.0 = Release|Any CPU
	EndGlobalSection
	GlobalSection(SolutionProperties) = preSolution
		HideSolutionNode = FALSE
	EndGlobalSection
	GlobalSection(ExtensibilityGlobals) = postSolution
		SolutionGuid = {BD8A14F3-C4C4-4DB3-9A2F-67C72BBB8ACA}
	EndGlobalSection
EndGlobal
