
Microsoft Visual Studio Solution File, Format Version 12.00
# Visual Studio Version 16
VisualStudioVersion = 16.0.31205.134
MinimumVisualStudioVersion = 10.0.40219.1
Project("{FAE04EC0-301F-11D3-BF4B-00C04F79EFBC}") = "DBConnection", "DBConnection\DBConnection.csproj", "{58C7FDB5-2C3D-44FD-984A-71F3A3EC1E1D}"
EndProject
Project("{FAE04EC0-301F-11D3-BF4B-00C04F79EFBC}") = "DSConnect", "DSConnect\DSConnect.csproj", "{E8D77294-B27B-4A3F-B2B3-C7CE1EE9A9D4}"
EndProject
Project("{FAE04EC0-301F-11D3-BF4B-00C04F79EFBC}") = "DBCommand", "DBCommand\DBCommand.csproj", "{9D2F8253-9C9C-47C7-B216-F10DB4A372EF}"
EndProject
Project("{FAE04EC0-301F-11D3-BF4B-00C04F79EFBC}") = "DatasetDesigner", "DatasetDesigner\DatasetDesigner.csproj", "{6BACA9E6-62DA-483F-8153-6DF684E5B644}"
EndProject
Project("{FAE04EC0-301F-11D3-BF4B-00C04F79EFBC}") = "CreatingDataTable", "CreatingDataTable\CreatingDataTable.csproj", "{2E226C3C-0EDD-47D2-98AB-46ED9F1A5801}"
EndProject
Project("{FAE04EC0-301F-11D3-BF4B-00C04F79EFBC}") = "DataAdapterWizard", "DataAdapterWizard\DataAdapterWizard.csproj", "{CCA3B922-1EA5-4B33-A8DE-5D40727EED1C}"
EndProject
Project("{FAE04EC0-301F-11D3-BF4B-00C04F79EFBC}") = "DataAdapterProgram", "DataAdapterProgram\DataAdapterProgram.csproj", "{EC88BA57-4B3E-484C-BD83-F686BF86610D}"
EndProject
Project("{FAE04EC0-301F-11D3-BF4B-00C04F79EFBC}") = "WorkingDataTable", "WorkingDataTable\WorkingDataTable.csproj", "{6AC77DD6-4D7B-4E24-8C24-92615384B731}"
EndProject
Project("{FAE04EC0-301F-11D3-BF4B-00C04F79EFBC}") = "DataViewExample", "DataViewExample\DataViewExample.csproj", "{7F310991-86AA-49FD-88B5-A80322E27D3A}"
EndProject
Project("{FAE04EC0-301F-11D3-BF4B-00C04F79EFBC}") = "DataSourcesWizard", "DataSourcesWizard\DataSourcesWizard.csproj", "{FAC235EC-EA72-48E2-93A9-3848B9763D12}"
EndProject
Project("{FAE04EC0-301F-11D3-BF4B-00C04F79EFBC}") = "DataBindingSimple", "DataBindingSimple\DataBindingSimple.csproj", "{9C7CC34C-3A18-4A57-9C01-BC2E9F488B47}"
EndProject
Project("{FAE04EC0-301F-11D3-BF4B-00C04F79EFBC}") = "DataBindingComplex", "DataBindingComplex\DataBindingComplex.csproj", "{77C410F4-07B2-4187-A096-1A117B0A7622}"
EndProject
Project("{FAE04EC0-301F-11D3-BF4B-00C04F79EFBC}") = "DataGridViewExample", "DataGridViewExample\DataGridViewExample.csproj", "{3F5D6D4E-32EF-4213-8959-53B774991363}"
EndProject
Project("{FAE04EC0-301F-11D3-BF4B-00C04F79EFBC}") = "Linq_Student", "Linq_Student\Linq_Student.csproj", "{4B138119-3BB0-42D7-B399-8A47975EC87B}"
EndProject
Project("{FAE04EC0-301F-11D3-BF4B-00C04F79EFBC}") = "CustomerManager", "CustomerManager\CustomerManager.csproj", "{6A0DD1EA-9C41-4342-AD94-BB4326F86BE2}"
EndProject
Project("{FAE04EC0-301F-11D3-BF4B-00C04F79EFBC}") = "CodeFirst", "CodeFirst\CodeFirst.csproj", "{1644066E-EA9E-4F5C-B215-0889207B7620}"
EndProject
Project("{FAE04EC0-301F-11D3-BF4B-00C04F79EFBC}") = "ZachetnoeZadanie", "ZachetnoeZadanie\ZachetnoeZadanie.csproj", "{75671A6B-D21C-4EB3-AFD1-831B34FD8016}"
EndProject
Project("{FAE04EC0-301F-11D3-BF4B-00C04F79EFBC}") = "CourseManager", "CourseManager\CourseManager.csproj", "{0AC375F2-5385-43AD-8AA2-3FE0B1866FF7}"
EndProject
Global
	GlobalSection(SolutionConfigurationPlatforms) = preSolution
		Debug|Any CPU = Debug|Any CPU
		Release|Any CPU = Release|Any CPU
	EndGlobalSection
	GlobalSection(ProjectConfigurationPlatforms) = postSolution
		{58C7FDB5-2C3D-44FD-984A-71F3A3EC1E1D}.Debug|Any CPU.ActiveCfg = Debug|Any CPU
		{58C7FDB5-2C3D-44FD-984A-71F3A3EC1E1D}.Debug|Any CPU.Build.0 = Debug|Any CPU
		{58C7FDB5-2C3D-44FD-984A-71F3A3EC1E1D}.Release|Any CPU.ActiveCfg = Release|Any CPU
		{58C7FDB5-2C3D-44FD-984A-71F3A3EC1E1D}.Release|Any CPU.Build.0 = Release|Any CPU
		{E8D77294-B27B-4A3F-B2B3-C7CE1EE9A9D4}.Debug|Any CPU.ActiveCfg = Debug|Any CPU
		{E8D77294-B27B-4A3F-B2B3-C7CE1EE9A9D4}.Debug|Any CPU.Build.0 = Debug|Any CPU
		{E8D77294-B27B-4A3F-B2B3-C7CE1EE9A9D4}.Release|Any CPU.ActiveCfg = Release|Any CPU
		{E8D77294-B27B-4A3F-B2B3-C7CE1EE9A9D4}.Release|Any CPU.Build.0 = Release|Any CPU
		{9D2F8253-9C9C-47C7-B216-F10DB4A372EF}.Debug|Any CPU.ActiveCfg = Debug|Any CPU
		{9D2F8253-9C9C-47C7-B216-F10DB4A372EF}.Debug|Any CPU.Build.0 = Debug|Any CPU
		{9D2F8253-9C9C-47C7-B216-F10DB4A372EF}.Release|Any CPU.ActiveCfg = Release|Any CPU
		{9D2F8253-9C9C-47C7-B216-F10DB4A372EF}.Release|Any CPU.Build.0 = Release|Any CPU
		{6BACA9E6-62DA-483F-8153-6DF684E5B644}.Debug|Any CPU.ActiveCfg = Debug|Any CPU
		{6BACA9E6-62DA-483F-8153-6DF684E5B644}.Debug|Any CPU.Build.0 = Debug|Any CPU
		{6BACA9E6-62DA-483F-8153-6DF684E5B644}.Release|Any CPU.ActiveCfg = Release|Any CPU
		{6BACA9E6-62DA-483F-8153-6DF684E5B644}.Release|Any CPU.Build.0 = Release|Any CPU
		{2E226C3C-0EDD-47D2-98AB-46ED9F1A5801}.Debug|Any CPU.ActiveCfg = Debug|Any CPU
		{2E226C3C-0EDD-47D2-98AB-46ED9F1A5801}.Debug|Any CPU.Build.0 = Debug|Any CPU
		{2E226C3C-0EDD-47D2-98AB-46ED9F1A5801}.Release|Any CPU.ActiveCfg = Release|Any CPU
		{2E226C3C-0EDD-47D2-98AB-46ED9F1A5801}.Release|Any CPU.Build.0 = Release|Any CPU
		{CCA3B922-1EA5-4B33-A8DE-5D40727EED1C}.Debug|Any CPU.ActiveCfg = Debug|Any CPU
		{CCA3B922-1EA5-4B33-A8DE-5D40727EED1C}.Debug|Any CPU.Build.0 = Debug|Any CPU
		{CCA3B922-1EA5-4B33-A8DE-5D40727EED1C}.Release|Any CPU.ActiveCfg = Release|Any CPU
		{CCA3B922-1EA5-4B33-A8DE-5D40727EED1C}.Release|Any CPU.Build.0 = Release|Any CPU
		{EC88BA57-4B3E-484C-BD83-F686BF86610D}.Debug|Any CPU.ActiveCfg = Debug|Any CPU
		{EC88BA57-4B3E-484C-BD83-F686BF86610D}.Debug|Any CPU.Build.0 = Debug|Any CPU
		{EC88BA57-4B3E-484C-BD83-F686BF86610D}.Release|Any CPU.ActiveCfg = Release|Any CPU
		{EC88BA57-4B3E-484C-BD83-F686BF86610D}.Release|Any CPU.Build.0 = Release|Any CPU
		{6AC77DD6-4D7B-4E24-8C24-92615384B731}.Debug|Any CPU.ActiveCfg = Debug|Any CPU
		{6AC77DD6-4D7B-4E24-8C24-92615384B731}.Debug|Any CPU.Build.0 = Debug|Any CPU
		{6AC77DD6-4D7B-4E24-8C24-92615384B731}.Release|Any CPU.ActiveCfg = Release|Any CPU
		{6AC77DD6-4D7B-4E24-8C24-92615384B731}.Release|Any CPU.Build.0 = Release|Any CPU
		{7F310991-86AA-49FD-88B5-A80322E27D3A}.Debug|Any CPU.ActiveCfg = Debug|Any CPU
		{7F310991-86AA-49FD-88B5-A80322E27D3A}.Debug|Any CPU.Build.0 = Debug|Any CPU
		{7F310991-86AA-49FD-88B5-A80322E27D3A}.Release|Any CPU.ActiveCfg = Release|Any CPU
		{7F310991-86AA-49FD-88B5-A80322E27D3A}.Release|Any CPU.Build.0 = Release|Any CPU
		{FAC235EC-EA72-48E2-93A9-3848B9763D12}.Debug|Any CPU.ActiveCfg = Debug|Any CPU
		{FAC235EC-EA72-48E2-93A9-3848B9763D12}.Debug|Any CPU.Build.0 = Debug|Any CPU
		{FAC235EC-EA72-48E2-93A9-3848B9763D12}.Release|Any CPU.ActiveCfg = Release|Any CPU
		{FAC235EC-EA72-48E2-93A9-3848B9763D12}.Release|Any CPU.Build.0 = Release|Any CPU
		{9C7CC34C-3A18-4A57-9C01-BC2E9F488B47}.Debug|Any CPU.ActiveCfg = Debug|Any CPU
		{9C7CC34C-3A18-4A57-9C01-BC2E9F488B47}.Debug|Any CPU.Build.0 = Debug|Any CPU
		{9C7CC34C-3A18-4A57-9C01-BC2E9F488B47}.Release|Any CPU.ActiveCfg = Release|Any CPU
		{9C7CC34C-3A18-4A57-9C01-BC2E9F488B47}.Release|Any CPU.Build.0 = Release|Any CPU
		{77C410F4-07B2-4187-A096-1A117B0A7622}.Debug|Any CPU.ActiveCfg = Debug|Any CPU
		{77C410F4-07B2-4187-A096-1A117B0A7622}.Debug|Any CPU.Build.0 = Debug|Any CPU
		{77C410F4-07B2-4187-A096-1A117B0A7622}.Release|Any CPU.ActiveCfg = Release|Any CPU
		{77C410F4-07B2-4187-A096-1A117B0A7622}.Release|Any CPU.Build.0 = Release|Any CPU
		{3F5D6D4E-32EF-4213-8959-53B774991363}.Debug|Any CPU.ActiveCfg = Debug|Any CPU
		{3F5D6D4E-32EF-4213-8959-53B774991363}.Debug|Any CPU.Build.0 = Debug|Any CPU
		{3F5D6D4E-32EF-4213-8959-53B774991363}.Release|Any CPU.ActiveCfg = Release|Any CPU
		{3F5D6D4E-32EF-4213-8959-53B774991363}.Release|Any CPU.Build.0 = Release|Any CPU
		{4B138119-3BB0-42D7-B399-8A47975EC87B}.Debug|Any CPU.ActiveCfg = Debug|Any CPU
		{4B138119-3BB0-42D7-B399-8A47975EC87B}.Debug|Any CPU.Build.0 = Debug|Any CPU
		{4B138119-3BB0-42D7-B399-8A47975EC87B}.Release|Any CPU.ActiveCfg = Release|Any CPU
		{4B138119-3BB0-42D7-B399-8A47975EC87B}.Release|Any CPU.Build.0 = Release|Any CPU
		{6A0DD1EA-9C41-4342-AD94-BB4326F86BE2}.Debug|Any CPU.ActiveCfg = Debug|Any CPU
		{6A0DD1EA-9C41-4342-AD94-BB4326F86BE2}.Debug|Any CPU.Build.0 = Debug|Any CPU
		{6A0DD1EA-9C41-4342-AD94-BB4326F86BE2}.Release|Any CPU.ActiveCfg = Release|Any CPU
		{6A0DD1EA-9C41-4342-AD94-BB4326F86BE2}.Release|Any CPU.Build.0 = Release|Any CPU
		{1644066E-EA9E-4F5C-B215-0889207B7620}.Debug|Any CPU.ActiveCfg = Debug|Any CPU
		{1644066E-EA9E-4F5C-B215-0889207B7620}.Debug|Any CPU.Build.0 = Debug|Any CPU
		{1644066E-EA9E-4F5C-B215-0889207B7620}.Release|Any CPU.ActiveCfg = Release|Any CPU
		{1644066E-EA9E-4F5C-B215-0889207B7620}.Release|Any CPU.Build.0 = Release|Any CPU
		{75671A6B-D21C-4EB3-AFD1-831B34FD8016}.Debug|Any CPU.ActiveCfg = Debug|Any CPU
		{75671A6B-D21C-4EB3-AFD1-831B34FD8016}.Debug|Any CPU.Build.0 = Debug|Any CPU
		{75671A6B-D21C-4EB3-AFD1-831B34FD8016}.Release|Any CPU.ActiveCfg = Release|Any CPU
		{75671A6B-D21C-4EB3-AFD1-831B34FD8016}.Release|Any CPU.Build.0 = Release|Any CPU
		{0AC375F2-5385-43AD-8AA2-3FE0B1866FF7}.Debug|Any CPU.ActiveCfg = Debug|Any CPU
		{0AC375F2-5385-43AD-8AA2-3FE0B1866FF7}.Debug|Any CPU.Build.0 = Debug|Any CPU
		{0AC375F2-5385-43AD-8AA2-3FE0B1866FF7}.Release|Any CPU.ActiveCfg = Release|Any CPU
		{0AC375F2-5385-43AD-8AA2-3FE0B1866FF7}.Release|Any CPU.Build.0 = Release|Any CPU
	EndGlobalSection
	GlobalSection(SolutionProperties) = preSolution
		HideSolutionNode = FALSE
	EndGlobalSection
	GlobalSection(ExtensibilityGlobals) = postSolution
		SolutionGuid = {BD8A14F3-C4C4-4DB3-9A2F-67C72BBB8ACA}
	EndGlobalSection
EndGlobal
